
Microsoft Visual Studio Solution File, Format Version 12.00
# Visual Studio Version 16
VisualStudioVersion = 16.0.31702.278
MinimumVisualStudioVersion = 10.0.40219.1
Project("{8BC9CEB8-8B4A-11D0-8D11-00A0C91BC942}") = "Z1V6", "Lab4\Lab4.vcxproj", "{D9F52863-BDB9-4AAC-AB37-AE25CF41A417}"
EndProject
Project("{8BC9CEB8-8B4A-11D0-8D11-00A0C91BC942}") = "Z2V6", "Z2\Z2.vcxproj", "{CE547280-8D72-4DE3-9787-03845AC65011}"
EndProject
Project("{8BC9CEB8-8B4A-11D0-8D11-00A0C91BC942}") = "Z1V1", "Z1\Z1.vcxproj", "{8D08133C-A465-4DAE-A470-3106AE5BFB48}"
EndProject
Project("{8BC9CEB8-8B4A-11D0-8D11-00A0C91BC942}") = "Z2V1", "Z2V1\Z2V1.vcxproj", "{216096FD-1F19-4DC8-85A5-BD8BB174BD65}"
EndProject
Project("{8BC9CEB8-8B4A-11D0-8D11-00A0C91BC942}") = "Z3V1", "Z3V1\Z3V1.vcxproj", "{8DA9E20E-749F-4066-8CA4-9C2D7706F019}"
EndProject
Project("{8BC9CEB8-8B4A-11D0-8D11-00A0C91BC942}") = "Z4", "Z4\Z4.vcxproj", "{59727543-8DEE-4153-910D-B08BA64A593F}"
EndProject
Project("{8BC9CEB8-8B4A-11D0-8D11-00A0C91BC942}") = "Z5", "Z5\Z5.vcxproj", "{BD4CDB48-B84F-4009-AB29-750F770D861C}"
EndProject
Project("{8BC9CEB8-8B4A-11D0-8D11-00A0C91BC942}") = "Z6", "Z6\Z6.vcxproj", "{A13BA108-B949-4675-AC23-24DE450EC2C8}"
EndProject
Project("{8BC9CEB8-8B4A-11D0-8D11-00A0C91BC942}") = "Z7", "Z7\Z7.vcxproj", "{C878A8C7-E7C9-480F-B77A-E58E24A1D92B}"
EndProject
Project("{8BC9CEB8-8B4A-11D0-8D11-00A0C91BC942}") = "Z8", "Z8\Z8.vcxproj", "{1475EFBE-0924-4A77-82E2-66C00C8DA4F1}"
EndProject
Project("{8BC9CEB8-8B4A-11D0-8D11-00A0C91BC942}") = "Z9", "Z9\Z9.vcxproj", "{E5CF2596-574D-468B-A140-06DFAA66EE91}"
EndProject
Project("{8BC9CEB8-8B4A-11D0-8D11-00A0C91BC942}") = "Z10", "Z10\Z10.vcxproj", "{B27DD1E4-306C-4925-8F2D-9D290132BDA8}"
EndProject
Project("{8BC9CEB8-8B4A-11D0-8D11-00A0C91BC942}") = "Z11", "Z11\Z11.vcxproj", "{F7A35C38-013F-450C-ACAE-C71C7827DD31}"
EndProject
Project("{8BC9CEB8-8B4A-11D0-8D11-00A0C91BC942}") = "Z12", "Z12\Z12.vcxproj", "{E7BB8DEF-4666-4938-BFCD-167087DC899E}"
EndProject
Project("{8BC9CEB8-8B4A-11D0-8D11-00A0C91BC942}") = "Z13", "Z13\Z13.vcxproj", "{E00174ED-565F-4EC3-8B67-06261C64BF92}"
EndProject
Project("{8BC9CEB8-8B4A-11D0-8D11-00A0C91BC942}") = "Z14", "Z14\Z14.vcxproj", "{FC9D28A5-0CE5-477F-A299-4DC9A0B371D6}"
EndProject
Project("{8BC9CEB8-8B4A-11D0-8D11-00A0C91BC942}") = "Z15", "Z15\Z15.vcxproj", "{9D9614AD-7EDD-4BA1-9DB8-00A0F93A7EE3}"
EndProject
Global
	GlobalSection(SolutionConfigurationPlatforms) = preSolution
		Debug|x64 = Debug|x64
		Debug|x86 = Debug|x86
		Release|x64 = Release|x64
		Release|x86 = Release|x86
	EndGlobalSection
	GlobalSection(ProjectConfigurationPlatforms) = postSolution
		{D9F52863-BDB9-4AAC-AB37-AE25CF41A417}.Debug|x64.ActiveCfg = Debug|x64
		{D9F52863-BDB9-4AAC-AB37-AE25CF41A417}.Debug|x64.Build.0 = Debug|x64
		{D9F52863-BDB9-4AAC-AB37-AE25CF41A417}.Debug|x86.ActiveCfg = Debug|Win32
		{D9F52863-BDB9-4AAC-AB37-AE25CF41A417}.Debug|x86.Build.0 = Debug|Win32
		{D9F52863-BDB9-4AAC-AB37-AE25CF41A417}.Release|x64.ActiveCfg = Release|x64
		{D9F52863-BDB9-4AAC-AB37-AE25CF41A417}.Release|x64.Build.0 = Release|x64
		{D9F52863-BDB9-4AAC-AB37-AE25CF41A417}.Release|x86.ActiveCfg = Release|Win32
		{D9F52863-BDB9-4AAC-AB37-AE25CF41A417}.Release|x86.Build.0 = Release|Win32
		{CE547280-8D72-4DE3-9787-03845AC65011}.Debug|x64.ActiveCfg = Debug|x64
		{CE547280-8D72-4DE3-9787-03845AC65011}.Debug|x64.Build.0 = Debug|x64
		{CE547280-8D72-4DE3-9787-03845AC65011}.Debug|x86.ActiveCfg = Debug|Win32
		{CE547280-8D72-4DE3-9787-03845AC65011}.Debug|x86.Build.0 = Debug|Win32
		{CE547280-8D72-4DE3-9787-03845AC65011}.Release|x64.ActiveCfg = Release|x64
		{CE547280-8D72-4DE3-9787-03845AC65011}.Release|x64.Build.0 = Release|x64
		{CE547280-8D72-4DE3-9787-03845AC65011}.Release|x86.ActiveCfg = Release|Win32
		{CE547280-8D72-4DE3-9787-03845AC65011}.Release|x86.Build.0 = Release|Win32
		{8D08133C-A465-4DAE-A470-3106AE5BFB48}.Debug|x64.ActiveCfg = Debug|x64
		{8D08133C-A465-4DAE-A470-3106AE5BFB48}.Debug|x64.Build.0 = Debug|x64
		{8D08133C-A465-4DAE-A470-3106AE5BFB48}.Debug|x86.ActiveCfg = Debug|Win32
		{8D08133C-A465-4DAE-A470-3106AE5BFB48}.Debug|x86.Build.0 = Debug|Win32
		{8D08133C-A465-4DAE-A470-3106AE5BFB48}.Release|x64.ActiveCfg = Release|x64
		{8D08133C-A465-4DAE-A470-3106AE5BFB48}.Release|x64.Build.0 = Release|x64
		{8D08133C-A465-4DAE-A470-3106AE5BFB48}.Release|x86.ActiveCfg = Release|Win32
		{8D08133C-A465-4DAE-A470-3106AE5BFB48}.Release|x86.Build.0 = Release|Win32
		{216096FD-1F19-4DC8-85A5-BD8BB174BD65}.Debug|x64.ActiveCfg = Debug|x64
		{216096FD-1F19-4DC8-85A5-BD8BB174BD65}.Debug|x64.Build.0 = Debug|x64
		{216096FD-1F19-4DC8-85A5-BD8BB174BD65}.Debug|x86.ActiveCfg = Debug|Win32
		{216096FD-1F19-4DC8-85A5-BD8BB174BD65}.Debug|x86.Build.0 = Debug|Win32
		{216096FD-1F19-4DC8-85A5-BD8BB174BD65}.Release|x64.ActiveCfg = Release|x64
		{216096FD-1F19-4DC8-85A5-BD8BB174BD65}.Release|x64.Build.0 = Release|x64
		{216096FD-1F19-4DC8-85A5-BD8BB174BD65}.Release|x86.ActiveCfg = Release|Win32
		{216096FD-1F19-4DC8-85A5-BD8BB174BD65}.Release|x86.Build.0 = Release|Win32
		{8DA9E20E-749F-4066-8CA4-9C2D7706F019}.Debug|x64.ActiveCfg = Debug|x64
		{8DA9E20E-749F-4066-8CA4-9C2D7706F019}.Debug|x64.Build.0 = Debug|x64
		{8DA9E20E-749F-4066-8CA4-9C2D7706F019}.Debug|x86.ActiveCfg = Debug|Win32
		{8DA9E20E-749F-4066-8CA4-9C2D7706F019}.Debug|x86.Build.0 = Debug|Win32
		{8DA9E20E-749F-4066-8CA4-9C2D7706F019}.Release|x64.ActiveCfg = Release|x64
		{8DA9E20E-749F-4066-8CA4-9C2D7706F019}.Release|x64.Build.0 = Release|x64
		{8DA9E20E-749F-4066-8CA4-9C2D7706F019}.Release|x86.ActiveCfg = Release|Win32
		{8DA9E20E-749F-4066-8CA4-9C2D7706F019}.Release|x86.Build.0 = Release|Win32
		{59727543-8DEE-4153-910D-B08BA64A593F}.Debug|x64.ActiveCfg = Debug|x64
		{59727543-8DEE-4153-910D-B08BA64A593F}.Debug|x64.Build.0 = Debug|x64
		{59727543-8DEE-4153-910D-B08BA64A593F}.Debug|x86.ActiveCfg = Debug|Win32
		{59727543-8DEE-4153-910D-B08BA64A593F}.Debug|x86.Build.0 = Debug|Win32
		{59727543-8DEE-4153-910D-B08BA64A593F}.Release|x64.ActiveCfg = Release|x64
		{59727543-8DEE-4153-910D-B08BA64A593F}.Release|x64.Build.0 = Release|x64
		{59727543-8DEE-4153-910D-B08BA64A593F}.Release|x86.ActiveCfg = Release|Win32
		{59727543-8DEE-4153-910D-B08BA64A593F}.Release|x86.Build.0 = Release|Win32
		{BD4CDB48-B84F-4009-AB29-750F770D861C}.Debug|x64.ActiveCfg = Debug|x64
		{BD4CDB48-B84F-4009-AB29-750F770D861C}.Debug|x64.Build.0 = Debug|x64
		{BD4CDB48-B84F-4009-AB29-750F770D861C}.Debug|x86.ActiveCfg = Debug|Win32
		{BD4CDB48-B84F-4009-AB29-750F770D861C}.Debug|x86.Build.0 = Debug|Win32
		{BD4CDB48-B84F-4009-AB29-750F770D861C}.Release|x64.ActiveCfg = Release|x64
		{BD4CDB48-B84F-4009-AB29-750F770D861C}.Release|x64.Build.0 = Release|x64
		{BD4CDB48-B84F-4009-AB29-750F770D861C}.Release|x86.ActiveCfg = Release|Win32
		{BD4CDB48-B84F-4009-AB29-750F770D861C}.Release|x86.Build.0 = Release|Win32
		{A13BA108-B949-4675-AC23-24DE450EC2C8}.Debug|x64.ActiveCfg = Debug|x64
		{A13BA108-B949-4675-AC23-24DE450EC2C8}.Debug|x64.Build.0 = Debug|x64
		{A13BA108-B949-4675-AC23-24DE450EC2C8}.Debug|x86.ActiveCfg = Debug|Win32
		{A13BA108-B949-4675-AC23-24DE450EC2C8}.Debug|x86.Build.0 = Debug|Win32
		{A13BA108-B949-4675-AC23-24DE450EC2C8}.Release|x64.ActiveCfg = Release|x64
		{A13BA108-B949-4675-AC23-24DE450EC2C8}.Release|x64.Build.0 = Release|x64
		{A13BA108-B949-4675-AC23-24DE450EC2C8}.Release|x86.ActiveCfg = Release|Win32
		{A13BA108-B949-4675-AC23-24DE450EC2C8}.Release|x86.Build.0 = Release|Win32
		{C878A8C7-E7C9-480F-B77A-E58E24A1D92B}.Debug|x64.ActiveCfg = Debug|x64
		{C878A8C7-E7C9-480F-B77A-E58E24A1D92B}.Debug|x64.Build.0 = Debug|x64
		{C878A8C7-E7C9-480F-B77A-E58E24A1D92B}.Debug|x86.ActiveCfg = Debug|Win32
		{C878A8C7-E7C9-480F-B77A-E58E24A1D92B}.Debug|x86.Build.0 = Debug|Win32
		{C878A8C7-E7C9-480F-B77A-E58E24A1D92B}.Release|x64.ActiveCfg = Release|x64
		{C878A8C7-E7C9-480F-B77A-E58E24A1D92B}.Release|x64.Build.0 = Release|x64
		{C878A8C7-E7C9-480F-B77A-E58E24A1D92B}.Release|x86.ActiveCfg = Release|Win32
		{C878A8C7-E7C9-480F-B77A-E58E24A1D92B}.Release|x86.Build.0 = Release|Win32
		{1475EFBE-0924-4A77-82E2-66C00C8DA4F1}.Debug|x64.ActiveCfg = Debug|x64
		{1475EFBE-0924-4A77-82E2-66C00C8DA4F1}.Debug|x64.Build.0 = Debug|x64
		{1475EFBE-0924-4A77-82E2-66C00C8DA4F1}.Debug|x86.ActiveCfg = Debug|Win32
		{1475EFBE-0924-4A77-82E2-66C00C8DA4F1}.Debug|x86.Build.0 = Debug|Win32
		{1475EFBE-0924-4A77-82E2-66C00C8DA4F1}.Release|x64.ActiveCfg = Release|x64
		{1475EFBE-0924-4A77-82E2-66C00C8DA4F1}.Release|x64.Build.0 = Release|x64
		{1475EFBE-0924-4A77-82E2-66C00C8DA4F1}.Release|x86.ActiveCfg = Release|Win32
		{1475EFBE-0924-4A77-82E2-66C00C8DA4F1}.Release|x86.Build.0 = Release|Win32
		{E5CF2596-574D-468B-A140-06DFAA66EE91}.Debug|x64.ActiveCfg = Debug|x64
		{E5CF2596-574D-468B-A140-06DFAA66EE91}.Debug|x64.Build.0 = Debug|x64
		{E5CF2596-574D-468B-A140-06DFAA66EE91}.Debug|x86.ActiveCfg = Debug|Win32
		{E5CF2596-574D-468B-A140-06DFAA66EE91}.Debug|x86.Build.0 = Debug|Win32
		{E5CF2596-574D-468B-A140-06DFAA66EE91}.Release|x64.ActiveCfg = Release|x64
		{E5CF2596-574D-468B-A140-06DFAA66EE91}.Release|x64.Build.0 = Release|x64
		{E5CF2596-574D-468B-A140-06DFAA66EE91}.Release|x86.ActiveCfg = Release|Win32
		{E5CF2596-574D-468B-A140-06DFAA66EE91}.Release|x86.Build.0 = Release|Win32
		{B27DD1E4-306C-4925-8F2D-9D290132BDA8}.Debug|x64.ActiveCfg = Debug|x64
		{B27DD1E4-306C-4925-8F2D-9D290132BDA8}.Debug|x64.Build.0 = Debug|x64
		{B27DD1E4-306C-4925-8F2D-9D290132BDA8}.Debug|x86.ActiveCfg = Debug|Win32
		{B27DD1E4-306C-4925-8F2D-9D290132BDA8}.Debug|x86.Build.0 = Debug|Win32
		{B27DD1E4-306C-4925-8F2D-9D290132BDA8}.Release|x64.ActiveCfg = Release|x64
		{B27DD1E4-306C-4925-8F2D-9D290132BDA8}.Release|x64.Build.0 = Release|x64
		{B27DD1E4-306C-4925-8F2D-9D290132BDA8}.Release|x86.ActiveCfg = Release|Win32
		{B27DD1E4-306C-4925-8F2D-9D290132BDA8}.Release|x86.Build.0 = Release|Win32
		{F7A35C38-013F-450C-ACAE-C71C7827DD31}.Debug|x64.ActiveCfg = Debug|x64
		{F7A35C38-013F-450C-ACAE-C71C7827DD31}.Debug|x64.Build.0 = Debug|x64
		{F7A35C38-013F-450C-ACAE-C71C7827DD31}.Debug|x86.ActiveCfg = Debug|Win32
		{F7A35C38-013F-450C-ACAE-C71C7827DD31}.Debug|x86.Build.0 = Debug|Win32
		{F7A35C38-013F-450C-ACAE-C71C7827DD31}.Release|x64.ActiveCfg = Release|x64
		{F7A35C38-013F-450C-ACAE-C71C7827DD31}.Release|x64.Build.0 = Release|x64
		{F7A35C38-013F-450C-ACAE-C71C7827DD31}.Release|x86.ActiveCfg = Release|Win32
		{F7A35C38-013F-450C-ACAE-C71C7827DD31}.Release|x86.Build.0 = Release|Win32
		{E7BB8DEF-4666-4938-BFCD-167087DC899E}.Debug|x64.ActiveCfg = Debug|x64
		{E7BB8DEF-4666-4938-BFCD-167087DC899E}.Debug|x64.Build.0 = Debug|x64
		{E7BB8DEF-4666-4938-BFCD-167087DC899E}.Debug|x86.ActiveCfg = Debug|Win32
		{E7BB8DEF-4666-4938-BFCD-167087DC899E}.Debug|x86.Build.0 = Debug|Win32
		{E7BB8DEF-4666-4938-BFCD-167087DC899E}.Release|x64.ActiveCfg = Release|x64
		{E7BB8DEF-4666-4938-BFCD-167087DC899E}.Release|x64.Build.0 = Release|x64
		{E7BB8DEF-4666-4938-BFCD-167087DC899E}.Release|x86.ActiveCfg = Release|Win32
		{E7BB8DEF-4666-4938-BFCD-167087DC899E}.Release|x86.Build.0 = Release|Win32
		{E00174ED-565F-4EC3-8B67-06261C64BF92}.Debug|x64.ActiveCfg = Debug|x64
		{E00174ED-565F-4EC3-8B67-06261C64BF92}.Debug|x64.Build.0 = Debug|x64
		{E00174ED-565F-4EC3-8B67-06261C64BF92}.Debug|x86.ActiveCfg = Debug|Win32
		{E00174ED-565F-4EC3-8B67-06261C64BF92}.Debug|x86.Build.0 = Debug|Win32
		{E00174ED-565F-4EC3-8B67-06261C64BF92}.Release|x64.ActiveCfg = Release|x64
		{E00174ED-565F-4EC3-8B67-06261C64BF92}.Release|x64.Build.0 = Release|x64
		{E00174ED-565F-4EC3-8B67-06261C64BF92}.Release|x86.ActiveCfg = Release|Win32
		{E00174ED-565F-4EC3-8B67-06261C64BF92}.Release|x86.Build.0 = Release|Win32
		{FC9D28A5-0CE5-477F-A299-4DC9A0B371D6}.Debug|x64.ActiveCfg = Debug|x64
		{FC9D28A5-0CE5-477F-A299-4DC9A0B371D6}.Debug|x64.Build.0 = Debug|x64
		{FC9D28A5-0CE5-477F-A299-4DC9A0B371D6}.Debug|x86.ActiveCfg = Debug|Win32
		{FC9D28A5-0CE5-477F-A299-4DC9A0B371D6}.Debug|x86.Build.0 = Debug|Win32
		{FC9D28A5-0CE5-477F-A299-4DC9A0B371D6}.Release|x64.ActiveCfg = Release|x64
		{FC9D28A5-0CE5-477F-A299-4DC9A0B371D6}.Release|x64.Build.0 = Release|x64
		{FC9D28A5-0CE5-477F-A299-4DC9A0B371D6}.Release|x86.ActiveCfg = Release|Win32
		{FC9D28A5-0CE5-477F-A299-4DC9A0B371D6}.Release|x86.Build.0 = Release|Win32
		{9D9614AD-7EDD-4BA1-9DB8-00A0F93A7EE3}.Debug|x64.ActiveCfg = Debug|x64
		{9D9614AD-7EDD-4BA1-9DB8-00A0F93A7EE3}.Debug|x64.Build.0 = Debug|x64
		{9D9614AD-7EDD-4BA1-9DB8-00A0F93A7EE3}.Debug|x86.ActiveCfg = Debug|Win32
		{9D9614AD-7EDD-4BA1-9DB8-00A0F93A7EE3}.Debug|x86.Build.0 = Debug|Win32
		{9D9614AD-7EDD-4BA1-9DB8-00A0F93A7EE3}.Release|x64.ActiveCfg = Release|x64
		{9D9614AD-7EDD-4BA1-9DB8-00A0F93A7EE3}.Release|x64.Build.0 = Release|x64
		{9D9614AD-7EDD-4BA1-9DB8-00A0F93A7EE3}.Release|x86.ActiveCfg = Release|Win32
		{9D9614AD-7EDD-4BA1-9DB8-00A0F93A7EE3}.Release|x86.Build.0 = Release|Win32
	EndGlobalSection
	GlobalSection(SolutionProperties) = preSolution
		HideSolutionNode = FALSE
	EndGlobalSection
	GlobalSection(ExtensibilityGlobals) = postSolution
		SolutionGuid = {5F8FA650-0C99-490F-B708-7B4BCE9512B7}
	EndGlobalSection
EndGlobal
