
Microsoft Visual Studio Solution File, Format Version 12.00
# Visual Studio Version 17
VisualStudioVersion = 17.0.31903.59
MinimumVisualStudioVersion = 10.0.40219.1
Project("{8BC9CEB8-8B4A-11D0-8D11-00A0C91BC942}") = "Z1", "Z1\Z1.vcxproj", "{633DCFBF-EAD6-481D-9E30-AFCFF75197F8}"
EndProject
Project("{8BC9CEB8-8B4A-11D0-8D11-00A0C91BC942}") = "StaticLib", "StaticLib\StaticLib.vcxproj", "{9DB4EB96-D94C-4298-9DC2-2F5E09C8527D}"
EndProject
Project("{8BC9CEB8-8B4A-11D0-8D11-00A0C91BC942}") = "Z2", "Z2\Z2.vcxproj", "{EA2D92E8-2D90-4AA6-A35E-FB3FBB63D71B}"
EndProject
Project("{8BC9CEB8-8B4A-11D0-8D11-00A0C91BC942}") = "DynamicLib", "DynamicLib\DynamicLib.vcxproj", "{49E67A33-D123-4BFB-AD47-A5F5A49D1D97}"
EndProject
Project("{8BC9CEB8-8B4A-11D0-8D11-00A0C91BC942}") = "Z3.1", "Z3.1\Z3.1.vcxproj", "{B18EDC41-F71F-496D-A467-A0BCD1C15BC6}"
EndProject
Project("{8BC9CEB8-8B4A-11D0-8D11-00A0C91BC942}") = "Z3.2", "Z3.2\Z3.2.vcxproj", "{AAF03151-000A-47A0-8CD8-6325EABC9C21}"
EndProject
Project("{8BC9CEB8-8B4A-11D0-8D11-00A0C91BC942}") = "Z3.3", "Z3.3\Z3.3.vcxproj", "{F1995977-9BCF-4B49-B286-FDF2148576B6}"
EndProject
Project("{8BC9CEB8-8B4A-11D0-8D11-00A0C91BC942}") = "Z1Ad", "Z1Ad\Z1Ad.vcxproj", "{B67E9B35-B397-4F8C-ADE8-6BB218668222}"
EndProject
Project("{8BC9CEB8-8B4A-11D0-8D11-00A0C91BC942}") = "Z3Ad", "Z3Ad\Z3Ad.vcxproj", "{3D133C25-ADA9-4613-8784-F10DBCFADAB2}"
EndProject
Project("{8BC9CEB8-8B4A-11D0-8D11-00A0C91BC942}") = "Z2Ad", "Z2Ad\Z2Ad.vcxproj", "{FF629924-5202-48B9-BC4E-75AC81196E77}"
EndProject
Project("{8BC9CEB8-8B4A-11D0-8D11-00A0C91BC942}") = "Z3AdV2", "Z3AdV2\Z3AdV2.vcxproj", "{46CA154C-98B7-44C6-B1E8-4E9C936C33BB}"
EndProject
Project("{8BC9CEB8-8B4A-11D0-8D11-00A0C91BC942}") = "Z2AdV2", "Z2AdV2\Z2AdV2.vcxproj", "{C64E3E0F-3CA8-49D4-B5C5-CF75F3E3241C}"
EndProject
Global
	GlobalSection(SolutionConfigurationPlatforms) = preSolution
		Debug|x64 = Debug|x64
		Debug|x86 = Debug|x86
		Release|x64 = Release|x64
		Release|x86 = Release|x86
	EndGlobalSection
	GlobalSection(ProjectConfigurationPlatforms) = postSolution
		{633DCFBF-EAD6-481D-9E30-AFCFF75197F8}.Debug|x64.ActiveCfg = Debug|x64
		{633DCFBF-EAD6-481D-9E30-AFCFF75197F8}.Debug|x64.Build.0 = Debug|x64
		{633DCFBF-EAD6-481D-9E30-AFCFF75197F8}.Debug|x86.ActiveCfg = Debug|Win32
		{633DCFBF-EAD6-481D-9E30-AFCFF75197F8}.Debug|x86.Build.0 = Debug|Win32
		{633DCFBF-EAD6-481D-9E30-AFCFF75197F8}.Release|x64.ActiveCfg = Release|x64
		{633DCFBF-EAD6-481D-9E30-AFCFF75197F8}.Release|x64.Build.0 = Release|x64
		{633DCFBF-EAD6-481D-9E30-AFCFF75197F8}.Release|x86.ActiveCfg = Release|Win32
		{633DCFBF-EAD6-481D-9E30-AFCFF75197F8}.Release|x86.Build.0 = Release|Win32
		{9DB4EB96-D94C-4298-9DC2-2F5E09C8527D}.Debug|x64.ActiveCfg = Debug|x64
		{9DB4EB96-D94C-4298-9DC2-2F5E09C8527D}.Debug|x64.Build.0 = Debug|x64
		{9DB4EB96-D94C-4298-9DC2-2F5E09C8527D}.Debug|x86.ActiveCfg = Debug|Win32
		{9DB4EB96-D94C-4298-9DC2-2F5E09C8527D}.Debug|x86.Build.0 = Debug|Win32
		{9DB4EB96-D94C-4298-9DC2-2F5E09C8527D}.Release|x64.ActiveCfg = Release|x64
		{9DB4EB96-D94C-4298-9DC2-2F5E09C8527D}.Release|x64.Build.0 = Release|x64
		{9DB4EB96-D94C-4298-9DC2-2F5E09C8527D}.Release|x86.ActiveCfg = Release|Win32
		{9DB4EB96-D94C-4298-9DC2-2F5E09C8527D}.Release|x86.Build.0 = Release|Win32
		{EA2D92E8-2D90-4AA6-A35E-FB3FBB63D71B}.Debug|x64.ActiveCfg = Debug|x64
		{EA2D92E8-2D90-4AA6-A35E-FB3FBB63D71B}.Debug|x64.Build.0 = Debug|x64
		{EA2D92E8-2D90-4AA6-A35E-FB3FBB63D71B}.Debug|x86.ActiveCfg = Debug|Win32
		{EA2D92E8-2D90-4AA6-A35E-FB3FBB63D71B}.Debug|x86.Build.0 = Debug|Win32
		{EA2D92E8-2D90-4AA6-A35E-FB3FBB63D71B}.Release|x64.ActiveCfg = Release|x64
		{EA2D92E8-2D90-4AA6-A35E-FB3FBB63D71B}.Release|x64.Build.0 = Release|x64
		{EA2D92E8-2D90-4AA6-A35E-FB3FBB63D71B}.Release|x86.ActiveCfg = Release|Win32
		{EA2D92E8-2D90-4AA6-A35E-FB3FBB63D71B}.Release|x86.Build.0 = Release|Win32
		{49E67A33-D123-4BFB-AD47-A5F5A49D1D97}.Debug|x64.ActiveCfg = Debug|x64
		{49E67A33-D123-4BFB-AD47-A5F5A49D1D97}.Debug|x64.Build.0 = Debug|x64
		{49E67A33-D123-4BFB-AD47-A5F5A49D1D97}.Debug|x86.ActiveCfg = Debug|Win32
		{49E67A33-D123-4BFB-AD47-A5F5A49D1D97}.Debug|x86.Build.0 = Debug|Win32
		{49E67A33-D123-4BFB-AD47-A5F5A49D1D97}.Release|x64.ActiveCfg = Release|x64
		{49E67A33-D123-4BFB-AD47-A5F5A49D1D97}.Release|x64.Build.0 = Release|x64
		{49E67A33-D123-4BFB-AD47-A5F5A49D1D97}.Release|x86.ActiveCfg = Release|Win32
		{49E67A33-D123-4BFB-AD47-A5F5A49D1D97}.Release|x86.Build.0 = Release|Win32
		{B18EDC41-F71F-496D-A467-A0BCD1C15BC6}.Debug|x64.ActiveCfg = Debug|x64
		{B18EDC41-F71F-496D-A467-A0BCD1C15BC6}.Debug|x64.Build.0 = Debug|x64
		{B18EDC41-F71F-496D-A467-A0BCD1C15BC6}.Debug|x86.ActiveCfg = Debug|Win32
		{B18EDC41-F71F-496D-A467-A0BCD1C15BC6}.Debug|x86.Build.0 = Debug|Win32
		{B18EDC41-F71F-496D-A467-A0BCD1C15BC6}.Release|x64.ActiveCfg = Release|x64
		{B18EDC41-F71F-496D-A467-A0BCD1C15BC6}.Release|x64.Build.0 = Release|x64
		{B18EDC41-F71F-496D-A467-A0BCD1C15BC6}.Release|x86.ActiveCfg = Release|Win32
		{B18EDC41-F71F-496D-A467-A0BCD1C15BC6}.Release|x86.Build.0 = Release|Win32
		{AAF03151-000A-47A0-8CD8-6325EABC9C21}.Debug|x64.ActiveCfg = Debug|x64
		{AAF03151-000A-47A0-8CD8-6325EABC9C21}.Debug|x64.Build.0 = Debug|x64
		{AAF03151-000A-47A0-8CD8-6325EABC9C21}.Debug|x86.ActiveCfg = Debug|Win32
		{AAF03151-000A-47A0-8CD8-6325EABC9C21}.Debug|x86.Build.0 = Debug|Win32
		{AAF03151-000A-47A0-8CD8-6325EABC9C21}.Release|x64.ActiveCfg = Release|x64
		{AAF03151-000A-47A0-8CD8-6325EABC9C21}.Release|x64.Build.0 = Release|x64
		{AAF03151-000A-47A0-8CD8-6325EABC9C21}.Release|x86.ActiveCfg = Release|Win32
		{AAF03151-000A-47A0-8CD8-6325EABC9C21}.Release|x86.Build.0 = Release|Win32
		{F1995977-9BCF-4B49-B286-FDF2148576B6}.Debug|x64.ActiveCfg = Debug|x64
		{F1995977-9BCF-4B49-B286-FDF2148576B6}.Debug|x64.Build.0 = Debug|x64
		{F1995977-9BCF-4B49-B286-FDF2148576B6}.Debug|x86.ActiveCfg = Debug|Win32
		{F1995977-9BCF-4B49-B286-FDF2148576B6}.Debug|x86.Build.0 = Debug|Win32
		{F1995977-9BCF-4B49-B286-FDF2148576B6}.Release|x64.ActiveCfg = Release|x64
		{F1995977-9BCF-4B49-B286-FDF2148576B6}.Release|x64.Build.0 = Release|x64
		{F1995977-9BCF-4B49-B286-FDF2148576B6}.Release|x86.ActiveCfg = Release|Win32
		{F1995977-9BCF-4B49-B286-FDF2148576B6}.Release|x86.Build.0 = Release|Win32
		{B67E9B35-B397-4F8C-ADE8-6BB218668222}.Debug|x64.ActiveCfg = Debug|x64
		{B67E9B35-B397-4F8C-ADE8-6BB218668222}.Debug|x64.Build.0 = Debug|x64
		{B67E9B35-B397-4F8C-ADE8-6BB218668222}.Debug|x86.ActiveCfg = Debug|Win32
		{B67E9B35-B397-4F8C-ADE8-6BB218668222}.Debug|x86.Build.0 = Debug|Win32
		{B67E9B35-B397-4F8C-ADE8-6BB218668222}.Release|x64.ActiveCfg = Release|x64
		{B67E9B35-B397-4F8C-ADE8-6BB218668222}.Release|x64.Build.0 = Release|x64
		{B67E9B35-B397-4F8C-ADE8-6BB218668222}.Release|x86.ActiveCfg = Release|Win32
		{B67E9B35-B397-4F8C-ADE8-6BB218668222}.Release|x86.Build.0 = Release|Win32
		{3D133C25-ADA9-4613-8784-F10DBCFADAB2}.Debug|x64.ActiveCfg = Debug|x64
		{3D133C25-ADA9-4613-8784-F10DBCFADAB2}.Debug|x64.Build.0 = Debug|x64
		{3D133C25-ADA9-4613-8784-F10DBCFADAB2}.Debug|x86.ActiveCfg = Debug|Win32
		{3D133C25-ADA9-4613-8784-F10DBCFADAB2}.Debug|x86.Build.0 = Debug|Win32
		{3D133C25-ADA9-4613-8784-F10DBCFADAB2}.Release|x64.ActiveCfg = Release|x64
		{3D133C25-ADA9-4613-8784-F10DBCFADAB2}.Release|x64.Build.0 = Release|x64
		{3D133C25-ADA9-4613-8784-F10DBCFADAB2}.Release|x86.ActiveCfg = Release|Win32
		{3D133C25-ADA9-4613-8784-F10DBCFADAB2}.Release|x86.Build.0 = Release|Win32
		{FF629924-5202-48B9-BC4E-75AC81196E77}.Debug|x64.ActiveCfg = Debug|x64
		{FF629924-5202-48B9-BC4E-75AC81196E77}.Debug|x64.Build.0 = Debug|x64
		{FF629924-5202-48B9-BC4E-75AC81196E77}.Debug|x86.ActiveCfg = Debug|Win32
		{FF629924-5202-48B9-BC4E-75AC81196E77}.Debug|x86.Build.0 = Debug|Win32
		{FF629924-5202-48B9-BC4E-75AC81196E77}.Release|x64.ActiveCfg = Release|x64
		{FF629924-5202-48B9-BC4E-75AC81196E77}.Release|x64.Build.0 = Release|x64
		{FF629924-5202-48B9-BC4E-75AC81196E77}.Release|x86.ActiveCfg = Release|Win32
		{FF629924-5202-48B9-BC4E-75AC81196E77}.Release|x86.Build.0 = Release|Win32
		{46CA154C-98B7-44C6-B1E8-4E9C936C33BB}.Debug|x64.ActiveCfg = Debug|x64
		{46CA154C-98B7-44C6-B1E8-4E9C936C33BB}.Debug|x64.Build.0 = Debug|x64
		{46CA154C-98B7-44C6-B1E8-4E9C936C33BB}.Debug|x86.ActiveCfg = Debug|Win32
		{46CA154C-98B7-44C6-B1E8-4E9C936C33BB}.Debug|x86.Build.0 = Debug|Win32
		{46CA154C-98B7-44C6-B1E8-4E9C936C33BB}.Release|x64.ActiveCfg = Release|x64
		{46CA154C-98B7-44C6-B1E8-4E9C936C33BB}.Release|x64.Build.0 = Release|x64
		{46CA154C-98B7-44C6-B1E8-4E9C936C33BB}.Release|x86.ActiveCfg = Release|Win32
		{46CA154C-98B7-44C6-B1E8-4E9C936C33BB}.Release|x86.Build.0 = Release|Win32
		{C64E3E0F-3CA8-49D4-B5C5-CF75F3E3241C}.Debug|x64.ActiveCfg = Debug|x64
		{C64E3E0F-3CA8-49D4-B5C5-CF75F3E3241C}.Debug|x64.Build.0 = Debug|x64
		{C64E3E0F-3CA8-49D4-B5C5-CF75F3E3241C}.Debug|x86.ActiveCfg = Debug|Win32
		{C64E3E0F-3CA8-49D4-B5C5-CF75F3E3241C}.Debug|x86.Build.0 = Debug|Win32
		{C64E3E0F-3CA8-49D4-B5C5-CF75F3E3241C}.Release|x64.ActiveCfg = Release|x64
		{C64E3E0F-3CA8-49D4-B5C5-CF75F3E3241C}.Release|x64.Build.0 = Release|x64
		{C64E3E0F-3CA8-49D4-B5C5-CF75F3E3241C}.Release|x86.ActiveCfg = Release|Win32
		{C64E3E0F-3CA8-49D4-B5C5-CF75F3E3241C}.Release|x86.Build.0 = Release|Win32
	EndGlobalSection
	GlobalSection(SolutionProperties) = preSolution
		HideSolutionNode = FALSE
	EndGlobalSection
	GlobalSection(ExtensibilityGlobals) = postSolution
		SolutionGuid = {AFDD5F89-78E9-4D9E-BB6C-5F775BB31105}
	EndGlobalSection
EndGlobal
